PODS:
  - AFNetworking (3.2.0):
    - AFNetworking/NSURLSession (= 3.2.0)
    - AFNetworking/Reachability (= 3.2.0)
    - AFNetworking/Security (= 3.2.0)
    - AFNetworking/Serialization (= 3.2.0)
    - AFNetworking/UIKit (= 3.2.0)
  - AFNetworking/NSURLSession (3.2.0):
    - AFNetworking/Reachability
    - AFNetworking/Security
    - AFNetworking/Serialization
  - AFNetworking/Reachability (3.2.0)
  - AFNetworking/Security (3.2.0)
  - AFNetworking/Serialization (3.2.0)
  - AFNetworking/UIKit (3.2.0):
    - AFNetworking/NSURLSession
  - AGEmojiKeyboard (0.2.1)
  - ASIHTTPRequest (1.8.2):
    - ASIHTTPRequest/ASIWebPageRequest (= 1.8.2)
    - ASIHTTPRequest/CloudFiles (= 1.8.2)
    - ASIHTTPRequest/Core (= 1.8.2)
    - ASIHTTPRequest/S3 (= 1.8.2)
  - ASIHTTPRequest/ASIWebPageRequest (1.8.2):
    - ASIHTTPRequest/Core
  - ASIHTTPRequest/CloudFiles (1.8.2):
    - ASIHTTPRequest/Core
  - ASIHTTPRequest/Core (1.8.2):
    - Reachability
  - ASIHTTPRequest/S3 (1.8.2):
    - ASIHTTPRequest/Core
  - DACircularProgress (2.3.1)
  - FDFullscreenPopGesture (1.1)
  - FLAnimatedImage (1.0.12)
  - JHUD (0.3.0)
  - Masonry (1.1.0)
  - MBProgressHUD (0.9.2)
  - MJExtension (3.0.13)
  - MJRefresh (3.1.9)
  - MWPhotoBrowser (2.1.1):
    - DACircularProgress (~> 2.3)
    - MBProgressHUD (~> 0.9)
    - "SDWebImage (!= 3.7.2, ~> 3.7)"
  - MXParallaxHeader (0.6.1)
  - MyLayout (1.4.2)
  - PPNetworkHelper (0.8.1):
    - AFNetworking (~> 3.2.0)
    - YYCache (~> 1.0.4)
  - Reachability (3.2)
  - ReactiveCocoa (2.5):
    - ReactiveCocoa/UI (= 2.5)
  - ReactiveCocoa/Core (2.5):
    - ReactiveCocoa/no-arc
  - ReactiveCocoa/no-arc (2.5)
  - ReactiveCocoa/UI (2.5):
    - ReactiveCocoa/Core
  - SDCycleScrollView (1.65):
    - SDWebImage (~> 3.7)
  - SDWebImage (3.7.6):
    - SDWebImage/Core (= 3.7.6)
  - SDWebImage/Core (3.7.6)
  - SGQRCode (2.2.0)
  - TZImagePickerController (2.0.0.7)
  - UMCAnalytics (5.4.1):
    - UMCCommon
  - UMCCommon (1.4.2)
  - UMCErrorCatch (1.0.0):
    - UMCCommon
  - UMCPush (3.1.0):
    - UMCCommon
  - UMCSecurityPlugins (1.0.6)
  - XHLaunchAd (3.9.3):
    - FLAnimatedImage (~> 1.0.12)
  - YYCache (1.0.4)
  - ZFDownload (1.0.2):
    - ASIHTTPRequest

DEPENDENCIES:
  - AGEmojiKeyboard
  - FDFullscreenPopGesture (= 1.1)
  - JHUD
  - Masonry
  - MBProgressHUD (~> 0.9)
  - MJExtension
  - MJRefresh (= 3.1.9)
  - MWPhotoBrowser (= 2.1.1)
  - MXParallaxHeader
  - MyLayout (= 1.4.2)
  - PPNetworkHelper (from `https://github.com/jkpang/PPNetworkHelper.git`)
  - ReactiveCocoa (= 2.5)
  - SDCycleScrollView
  - SDWebImage (~> 3.7.3)
  - SGQRCode
  - TZImagePickerController
  - UMCAnalytics
  - UMCCommon
  - UMCErrorCatch
  - UMCPush
  - UMCSecurityPlugins
  - XHLaunchAd (= 3.9.3)
  - ZFDownload

SPEC REPOS:
  https://github.com/CocoaPods/Specs.git:
    - AFNetworking
    - AGEmojiKeyboard
    - ASIHTTPRequest
    - DACircularProgress
    - FDFullscreenPopGesture
    - FLAnimatedImage
    - JHUD
    - Masonry
    - MBProgressHUD
    - MJExtension
    - MJRefresh
    - MWPhotoBrowser
    - MXParallaxHeader
    - MyLayout
    - Reachability
    - ReactiveCocoa
    - SDCycleScrollView
    - SDWebImage
    - SGQRCode
    - TZImagePickerController
    - UMCAnalytics
    - UMCCommon
    - UMCErrorCatch
    - UMCPush
    - UMCSecurityPlugins
    - XHLaunchAd
    - YYCache
    - ZFDownload

EXTERNAL SOURCES:
  PPNetworkHelper:
    :git: https://github.com/jkpang/PPNetworkHelper.git

CHECKOUT OPTIONS:
  PPNetworkHelper:
    :commit: 50043e0ba8ef6587629e14b2706bcb663c0f74b6
    :git: https://github.com/jkpang/PPNetworkHelper.git

SPEC CHECKSUMS:
  AFNetworking: 8ac6017b94ea105479f7776e5288e48ae9c59bb4
  AGEmojiKeyboard: d5a01a4b0de30e1f1c2a121503ac36a79c7217ab
  ASIHTTPRequest: ec013992946676b7978dcbde6396d57312d21db4
  DACircularProgress: 4dd437c0fc3da5161cb289e07ac449493d41db71
  FDFullscreenPopGesture: a8a620179e3d9c40e8e00256dcee1c1a27c6d0f0
  FLAnimatedImage: 4a0b56255d9b05f18b6dd7ee06871be5d3b89e31
  JHUD: 17650f65045d9843a7ad19f6a0b1eac6c78a45d2
  Masonry: 678fab65091a9290e40e2832a55e7ab731aad201
  MBProgressHUD: 1569cf7ace17a8bac47aabfbb8580a49690386d1
  MJExtension: 5932755f451458eefa24239358817f8d291240c7
  MJRefresh: c5f1f1653e5a1b932c90f78074f2bc86f3f9bd5e
  MWPhotoBrowser: ba0d0c09ffda3a7ea10093518738c502c1c7141c
  MXParallaxHeader: 858c403532ed933b381556a81ce333d7065ad182
  MyLayout: 90df5544cdadb00a52873cb9a95c04d7083a81c1
  PPNetworkHelper: e893191a73665e9c496c2887fd5ceece9e930bb8
  Reachability: 33e18b67625424e47b6cde6d202dce689ad7af96
  ReactiveCocoa: e2db045570aa97c695e7aa97c2bcab222ae51f4a
  SDCycleScrollView: f72904c77698a7f93a41bcbbc2d78b073bf7326c
  SDWebImage: c325cf02c30337336b95beff20a13df489ec0ec9
  SGQRCode: 6cd7f03ea6b74d1267820d427b07d1451b387c79
  TZImagePickerController: c80a189b6e2ca167a4dc56b656fb2557eedea0f7
  UMCAnalytics: 44e0bb2f442b7aaf97d1c924b58798b612f2c13d
  UMCCommon: 19f09b4c67b6007837f70f321fe091e5814d49b1
  UMCErrorCatch: 51f1b68f920233e90a3fa6d51f0456174507ec78
  UMCPush: 6d67ff5ca853857e2690abbdaecb86b254b1f823
  UMCSecurityPlugins: 0831a08f3988f3cea9f1d3a7626cd9bee4fef150
  XHLaunchAd: ecd208bce52a26d96d758cd58f617be09b1b52e9
  YYCache: 8105b6638f5e849296c71f331ff83891a4942952
  ZFDownload: a52f94ebb080833b8a8ceb19a409f2941343fe7f

PODFILE CHECKSUM: 00bac352eac32b5e153fcfe3fd50e289d683f958

COCOAPODS: 1.5.0
